
Microsoft Visual Studio Solution File, Format Version 12.00
# Visual Studio Version 16
VisualStudioVersion = 16.0.31402.337
MinimumVisualStudioVersion = 10.0.40219.1
Project("{FAE04EC0-301F-11D3-BF4B-00C04F79EFBC}") = "MVCGetStarted", "MVCGetStarted\MVCGetStarted.csproj", "{04869E24-42BD-4AD9-A6F3-52D3ED87AB04}"
EndProject
Global
	GlobalSection(SolutionConfigurationPlatforms) = preSolution
		Debug|Any CPU = Debug|Any CPU
		Release|Any CPU = Release|Any CPU
	EndGlobalSection
	GlobalSection(ProjectConfigurationPlatforms) = postSolution
		{04869E24-42BD-4AD9-A6F3-52D3ED87AB04}.Debug|Any CPU.ActiveCfg = Debug|Any CPU
		{04869E24-42BD-4AD9-A6F3-52D3ED87AB04}.Debug|Any CPU.Build.0 = Debug|Any CPU
		{04869E24-42BD-4AD9-A6F3-52D3ED87AB04}.Release|Any CPU.ActiveCfg = Release|Any CPU
		{04869E24-42BD-4AD9-A6F3-52D3ED87AB04}.Release|Any CPU.Build.0 = Release|Any CPU
	EndGlobalSection
	GlobalSection(SolutionProperties) = preSolution
		HideSolutionNode = FALSE
	EndGlobalSection
	GlobalSection(ExtensibilityGlobals) = postSolution
		SolutionGuid = {1C56D43E-1DC8-4E48-9B80-E4394018A710}
	EndGlobalSection
EndGlobal
